[[package]]
name = "beautifulsoup4"
version = "4.10.0"
description = "Screen-scraping library"
category = "main"
optional = false
python-versions = ">3.0.0"

[package.dependencies]
soupsieve = ">1.2"

[package.extras]
html5lib = ["html5lib"]
lxml = ["lxml"]

[[package]]
name = "certifi"
version = "2021.10.8"
description = "Python package for providing Mozilla's CA Bundle."
category = "main"
optional = false
python-versions = "*"

[[package]]
name = "charset-normalizer"
version = "2.0.12"
description = "The Real First Universal Charset Detector. Open, modern and actively maintained alternative to Chardet."
category = "main"
optional = false
python-versions = ">=3.5.0"

[package.extras]
unicode_backport = ["unicodedata2"]

[[package]]
name = "flwr"
version = "0.17.0"
description = "Flower - A Friendly Federated Learning Framework"
category = "main"
optional = false
python-versions = ">=3.6.2,<4.0.0"

[package.dependencies]
google = ">=2.0.3,<3.0.0"
grpcio = ">=1.27.2,<2.0.0"
numpy = ">=1.19.0,<2.0.0"
protobuf = ">=3.12.1,<4.0.0"

[package.extras]
baseline = ["tensorflow-cpu (==2.6.0)", "boto3 (>=1.12.36,<2.0.0)", "boto3_type_annotations (>=0.3.1,<0.4.0)", "paramiko (>=2.7.1,<3.0.0)", "docker (>=4.2.0,<5.0.0)", "matplotlib (>=3.2.1,<4.0.0)"]
examples-tensorflow = ["tensorflow-cpu (==2.6.0)"]
http-logger = ["tensorflow-cpu (==2.6.0)", "boto3 (>=1.12.36,<2.0.0)", "boto3_type_annotations (>=0.3.1,<0.4.0)", "paramiko (>=2.7.1,<3.0.0)", "docker (>=4.2.0,<5.0.0)", "matplotlib (>=3.2.1,<4.0.0)"]
examples-pytorch = ["torch (>=1.9.0,<2.0.0)", "torchvision (>=0.10.0,<0.11.0)", "tqdm (>=4.48.2,<5.0.0)"]
ops = ["boto3 (>=1.12.36,<2.0.0)", "boto3_type_annotations (>=0.3.1,<0.4.0)", "paramiko (>=2.7.1,<3.0.0)", "docker (>=4.2.0,<5.0.0)"]
simulation = ["ray[default] (>=1.6.0,<2.0.0)"]

[[package]]
name = "google"
version = "2.0.3"
description = "Python bindings to the Google search engine."
category = "main"
optional = false
python-versions = "*"

[package.dependencies]
beautifulsoup4 = "*"

[[package]]
name = "grpcio"
version = "1.45.0"
description = "HTTP/2-based RPC framework"
category = "main"
optional = false
python-versions = ">=3.6"

[package.dependencies]
six = ">=1.5.2"

[package.extras]
protobuf = ["grpcio-tools (>=1.45.0)"]

[[package]]
name = "idna"
version = "3.3"
description = "Internationalized Domain Names in Applications (IDNA)"
category = "main"
optional = false
python-versions = ">=3.5"

[[package]]
name = "joblib"
version = "1.1.0"
description = "Lightweight pipelining with Python functions"
category = "main"
optional = false
python-versions = ">=3.6"

[[package]]
name = "liac-arff"
version = "2.5.0"
description = "A module for read and write ARFF files in Python."
category = "main"
optional = false
python-versions = ">=2.7, !=3.0.*, !=3.1.*, !=3.2.*, !=3.3.*, !=3.4.*"

[[package]]
name = "minio"
version = "7.1.5"
description = "MinIO Python SDK for Amazon S3 Compatible Cloud Storage"
category = "main"
optional = false
python-versions = "*"

[package.dependencies]
certifi = "*"
urllib3 = "*"

[[package]]
name = "numpy"
version = "1.22.3"
description = "NumPy is the fundamental package for array computing with Python."
category = "main"
optional = false
python-versions = ">=3.8"

[[package]]
name = "openml"
version = "0.12.2"
description = "Python API for OpenML"
category = "main"
optional = false
python-versions = ">=3.6"

[package.dependencies]
liac-arff = ">=2.4.0"
minio = "*"
numpy = ">=1.6.2"
pandas = ">=1.0.0"
pyarrow = "*"
python-dateutil = "*"
requests = "*"
scikit-learn = ">=0.18"
scipy = ">=0.13.3"
xmltodict = "*"

[package.extras]
docs = ["sphinx (>=3)", "sphinx-gallery", "sphinx-bootstrap-theme", "numpydoc"]
examples = ["matplotlib", "jupyter", "notebook", "nbconvert", "nbformat", "jupyter-client", "ipython", "ipykernel", "seaborn"]
examples_unix = ["fanova"]
test = ["nbconvert", "jupyter-client", "matplotlib", "pytest", "pytest-xdist", "pytest-timeout", "nbformat", "oslo.concurrency", "flaky", "pre-commit", "pytest-cov", "pytest-rerunfailures", "mypy"]

[[package]]
name = "pandas"
version = "1.4.2"
description = "Powerful data structures for data analysis, time series, and statistics"
category = "main"
optional = false
python-versions = ">=3.8"

[package.dependencies]
numpy = [
    {version = ">=1.18.5", markers = "platform_machine != \"aarch64\" and platform_machine != \"arm64\" and python_version < \"3.10\""},
    {version = ">=1.19.2", markers = "platform_machine == \"aarch64\" and python_version < \"3.10\""},
    {version = ">=1.20.0", markers = "platform_machine == \"arm64\" and python_version < \"3.10\""},
    {version = ">=1.21.0", markers = "python_version >= \"3.10\""},
]
python-dateutil = ">=2.8.1"
pytz = ">=2020.1"

[package.extras]
test = ["hypothesis (>=5.5.3)", "pytest (>=6.0)", "pytest-xdist (>=1.31)"]

[[package]]
name = "protobuf"
version = "3.20.0"
description = "Protocol Buffers"
category = "main"
optional = false
python-versions = ">=3.7"

[[package]]
name = "pyarrow"
version = "7.0.0"
description = "Python library for Apache Arrow"
category = "main"
optional = false
python-versions = ">=3.7"

[package.dependencies]
numpy = ">=1.16.6"

[[package]]
name = "python-dateutil"
version = "2.8.2"
description = "Extensions to the standard Python datetime module"
category = "main"
optional = false
python-versions = "!=3.0.*,!=3.1.*,!=3.2.*,>=2.7"

[package.dependencies]
six = ">=1.5"

[[package]]
name = "pytz"
version = "2022.1"
description = "World timezone definitions, modern and historical"
category = "main"
optional = false
python-versions = "*"

[[package]]
name = "requests"
version = "2.27.1"
description = "Python HTTP for Humans."
category = "main"
optional = false
python-versions = ">=2.7, !=3.0.*, !=3.1.*, !=3.2.*, !=3.3.*, !=3.4.*, !=3.5.*"

[package.dependencies]
certifi = ">=2017.4.17"
charset-normalizer = {version = ">=2.0.0,<2.1.0", markers = "python_version >= \"3\""}
idna = {version = ">=2.5,<4", markers = "python_version >= \"3\""}
urllib3 = ">=1.21.1,<1.27"

[package.extras]
socks = ["PySocks (>=1.5.6,!=1.5.7)", "win-inet-pton"]
use_chardet_on_py3 = ["chardet (>=3.0.2,<5)"]

[[package]]
name = "scikit-learn"
version = "0.24.2"
description = "A set of python modules for machine learning and data mining"
category = "main"
optional = false
python-versions = ">=3.6"

[package.dependencies]
joblib = ">=0.11"
numpy = ">=1.13.3"
scipy = ">=0.19.1"
threadpoolctl = ">=2.0.0"

[package.extras]
benchmark = ["matplotlib (>=2.1.1)", "pandas (>=0.25.0)", "memory-profiler (>=0.57.0)"]
docs = ["matplotlib (>=2.1.1)", "scikit-image (>=0.13)", "pandas (>=0.25.0)", "seaborn (>=0.9.0)", "memory-profiler (>=0.57.0)", "sphinx (>=3.2.0)", "sphinx-gallery (>=0.7.0)", "numpydoc (>=1.0.0)", "Pillow (>=7.1.2)", "sphinx-prompt (>=1.3.0)"]
examples = ["matplotlib (>=2.1.1)", "scikit-image (>=0.13)", "pandas (>=0.25.0)", "seaborn (>=0.9.0)"]
tests = ["matplotlib (>=2.1.1)", "scikit-image (>=0.13)", "pandas (>=0.25.0)", "pytest (>=5.0.1)", "pytest-cov (>=2.9.0)", "flake8 (>=3.8.2)", "mypy (>=0.770)", "pyamg (>=4.0.0)"]

[[package]]
name = "scipy"
version = "1.6.1"
description = "SciPy: Scientific Library for Python"
category = "main"
optional = false
python-versions = ">=3.7"

[package.dependencies]
numpy = ">=1.16.5"

[[package]]
name = "six"
version = "1.16.0"
description = "Python 2 and 3 compatibility utilities"
category = "main"
optional = false
python-versions = ">=2.7, !=3.0.*, !=3.1.*, !=3.2.*"

[[package]]
name = "soupsieve"
version = "2.3.1"
description = "A modern CSS selector implementation for Beautiful Soup."
category = "main"
optional = false
python-versions = ">=3.6"

[[package]]
name = "threadpoolctl"
version = "3.1.0"
description = "threadpoolctl"
category = "main"
optional = false
python-versions = ">=3.6"

[[package]]
name = "urllib3"
version = "1.26.9"
description = "HTTP library with thread-safe connection pooling, file post, and more."
category = "main"
optional = false
python-versions = ">=2.7, !=3.0.*, !=3.1.*, !=3.2.*, !=3.3.*, !=3.4.*, <4"

[package.extras]
brotli = ["brotlicffi (>=0.8.0)", "brotli (>=1.0.9)", "brotlipy (>=0.6.0)"]
secure = ["pyOpenSSL (>=0.14)", "cryptography (>=1.3.4)", "idna (>=2.0.0)", "certifi", "ipaddress"]
socks = ["PySocks (>=1.5.6,!=1.5.7,<2.0)"]

[[package]]
name = "xmltodict"
version = "0.12.0"
description = "Makes working with XML feel like you are working with JSON"
category = "main"
optional = false
python-versions = ">=2.7, !=3.0.*, !=3.1.*, !=3.2.*, !=3.3.*"

[metadata]
lock-version = "1.1"
python-versions = "^3.8"
content-hash = "71b9328a88f794952d55ac305ffa6abae991c7d5ee15c5d53f321c3b46ab4226"

[metadata.files]
beautifulsoup4 = [
    {file = "beautifulsoup4-4.10.0-py3-none-any.whl", hash = "sha256:9a315ce70049920ea4572a4055bc4bd700c940521d36fc858205ad4fcde149bf"},
    {file = "beautifulsoup4-4.10.0.tar.gz", hash = "sha256:c23ad23c521d818955a4151a67d81580319d4bf548d3d49f4223ae041ff98891"},
]
certifi = [
    {file = "certifi-2021.10.8-py2.py3-none-any.whl", hash = "sha256:d62a0163eb4c2344ac042ab2bdf75399a71a2d8c7d47eac2e2ee91b9d6339569"},
    {file = "certifi-2021.10.8.tar.gz", hash = "sha256:78884e7c1d4b00ce3cea67b44566851c4343c120abd683433ce934a68ea58872"},
]
charset-normalizer = [
    {file = "charset-normalizer-2.0.12.tar.gz", hash = "sha256:2857e29ff0d34db842cd7ca3230549d1a697f96ee6d3fb071cfa6c7393832597"},
    {file = "charset_normalizer-2.0.12-py3-none-any.whl", hash = "sha256:6881edbebdb17b39b4eaaa821b438bf6eddffb4468cf344f09f89def34a8b1df"},
]
flwr = [
    {file = "flwr-0.17.0-py3-none-any.whl", hash = "sha256:6ac6ded87ddfc99099ae353f519c8d8325f52e76132cd8fdc971b4a99c4752b8"},
    {file = "flwr-0.17.0.tar.gz", hash = "sha256:78e05fbbc3dc79f3faa0e834cf4ddbcf459661e0c41ae5dd3d152419eb027d99"},
]
google = [
    {file = "google-2.0.3-py2.py3-none-any.whl", hash = "sha256:c03517e6f9eec7a03c07b864f9a64384fd4bc1efce9034d42e3f90addc9fe4ee"},
    {file = "google-2.0.3.tar.gz", hash = "sha256:ff7d997dbf33be666ed5deb8c5abf5d103c27ec199559b6d994923469e26bb48"},
]
grpcio = [
    {file = "grpcio-1.45.0-cp310-cp310-linux_armv7l.whl", hash = "sha256:0d74a159df9401747e57960f0772f4371486e3281919004efa9df8a82985abee"},
    {file = "grpcio-1.45.0-cp310-cp310-macosx_10_10_universal2.whl", hash = "sha256:4e6d15bfdfa28e5f6d524dd3b29c7dc129cfc578505b067aa97574490c5b70fe"},
    {file = "grpcio-1.45.0-cp310-cp310-manylinux_2_17_aarch64.whl", hash = "sha256:44615be86e5540a18f5e4ca5a0f428d4b1efb800d255cfd9f902a11daca8fd74"},
    {file = "grpcio-1.45.0-cp310-cp310-manylinux_2_17_i686.manylinux2014_i686.whl", hash = "sha256:8b452f715e2cae9e75cb309f59a37f82e5b25f51f0bfc3cd1462de86265cef05"},
    {file = "grpcio-1.45.0-cp310-cp310-manylinux_2_17_x86_64.manylinux2014_x86_64.whl", hash = "sha256:db1c45daa35c64f17498af1ba6eb1d0a8d88a8a0b6b322f960ab461e7ef0419e"},
    {file = "grpcio-1.45.0-cp310-cp310-musllinux_1_1_i686.whl", hash = "sha256:678a673fe811dad3ed5bd2e2352b79851236e4d718aeaeffc10f372a55954d8d"},
    {file = "grpcio-1.45.0-cp310-cp310-musllinux_1_1_x86_64.whl", hash = "sha256:a5c8a08aff0af770c977dcede62fbed53ae7b99adbc184d5299d148bb04652f1"},
    {file = "grpcio-1.45.0-cp310-cp310-win32.whl", hash = "sha256:1d764c8a190719301ec6f3b6ddeb48a234604e337d0fbb3184a4ddcda2aca9da"},
    {file = "grpcio-1.45.0-cp310-cp310-win_amd64.whl", hash = "sha256:797f5b750be6ff2905b9d0529a00c1f873d8035a5d01a9801910ace5f0d52a18"},
    {file = "grpcio-1.45.0-cp36-cp36m-linux_armv7l.whl", hash = "sha256:b46772b7eb58c6cb0b468b56d59618694d2c2f2cee2e5b4e83ae9729a46b8af0"},
    {file = "grpcio-1.45.0-cp36-cp36m-macosx_10_10_x86_64.whl", hash = "sha256:2f135e5c8e9acd14f3090fd86dccb9d7c26aea7bfbd4528e8a86ff621d39e610"},
    {file = "grpcio-1.45.0-cp36-cp36m-manylinux_2_12_i686.manylinux2010_i686.whl", hash = "sha256:16603b9544a4af135ce4d594a7396602fbe62d1ccaa484b05cb1814c17a3e559"},
    {file = "grpcio-1.45.0-cp36-cp36m-manylinux_2_12_x86_64.manylinux2010_x86_64.whl", hash = "sha256:ccba925045c00acc9ce2cc645b6fa9d19767dbb16c9c49921013da412b1d3415"},
    {file = "grpcio-1.45.0-cp36-cp36m-manylinux_2_17_aarch64.whl", hash = "sha256:7262b9d96db79e29049c7eb2b75b03f2b9485fd838209b5ff8e3cca73b2a706c"},
    {file = "grpcio-1.45.0-cp36-cp36m-manylinux_2_17_i686.manylinux2014_i686.whl", hash = "sha256:a1c1098f35c33b985c312cacea39e2aa66f7ac1462579eed1d3aed2e51fff00d"},
    {file = "grpcio-1.45.0-cp36-cp36m-manylinux_2_17_x86_64.manylinux2014_x86_64.whl", hash = "sha256:0b18c86a9cfbedd0c4e083690fecc82027b3f938100ed0af8db77d52a171eb1e"},
    {file = "grpcio-1.45.0-cp36-cp36m-musllinux_1_1_i686.whl", hash = "sha256:638364d3603df9e4a1dbc2151b5fe1b491ceecda4e1672be86724e1dfa79c44d"},
    {file = "grpcio-1.45.0-cp36-cp36m-musllinux_1_1_x86_64.whl", hash = "sha256:8de79eac582431cb6d05ff5652e68089c40aa0e604ec1630fa52ac926bc44f1b"},
    {file = "grpcio-1.45.0-cp36-cp36m-win32.whl", hash = "sha256:6cf5f1827c182ef9b503d7d01e503c1067f4499d45af792d95ccd1d8b0bea30d"},
    {file = "grpcio-1.45.0-cp36-cp36m-win_amd64.whl", hash = "sha256:4f1a22744f93b38d393b7a83cb607029ac5e2de680cab39957ffdd116590a178"},
    {file = "grpcio-1.45.0-cp37-cp37m-linux_armv7l.whl", hash = "sha256:321f84dbc788481f7a3cd12636a133ba5f4d17e57f1c906de5a22fd709c971b5"},
    {file = "grpcio-1.45.0-cp37-cp37m-macosx_10_10_x86_64.whl", hash = "sha256:a33ed7d3e52ddc839e2f020592a4371d805c2ae820fb63b12525058e1810fe46"},
    {file = "grpcio-1.45.0-cp37-cp37m-manylinux_2_12_i686.manylinux2010_i686.whl", hash = "sha256:f9f28d8c5343602e1510d4839e38568bcd0ca6353bd98ad9941787584a371a1d"},
    {file = "grpcio-1.45.0-cp37-cp37m-manylinux_2_12_x86_64.manylinux2010_x86_64.whl", hash = "sha256:3a40dbb8aac60cf6a86583e2ba74fc2c286f1abc7a3404b25dcd12a49b9f7d8b"},
    {file = "grpcio-1.45.0-cp37-cp37m-manylinux_2_17_aarch64.whl", hash = "sha256:b00ce58323dde47d2ea240d10ee745471b9966429c97d9e6567c8d56e02b0372"},
    {file = "grpcio-1.45.0-cp37-cp37m-manylinux_2_17_i686.manylinux2014_i686.whl", hash = "sha256:bd4944f35f1e5ab54804c3e37d24921ecc01908ef871cdce6bd52995ea4f985c"},
    {file = "grpcio-1.45.0-cp37-cp37m-manylinux_2_17_x86_64.manylinux2014_x86_64.whl", hash = "sha256:cc135b77f384a84bac67a37947886986be136356446338d64160a30c85f20c6d"},
    {file = "grpcio-1.45.0-cp37-cp37m-musllinux_1_1_i686.whl", hash = "sha256:35ae55460514ed404ceaa95533b9a79989691b562faf012fc8fb143d8fd16e47"},
    {file = "grpcio-1.45.0-cp37-cp37m-musllinux_1_1_x86_64.whl", hash = "sha256:779db3d00c8da1d3efa942387cb0fea9ac6d50124d656024f82f9faefdd016e3"},
    {file = "grpcio-1.45.0-cp37-cp37m-win32.whl", hash = "sha256:aea67bd3cbf93db552c725bc0b4db0acdc6a284d036d1cc32d638305e0f01fd9"},
    {file = "grpcio-1.45.0-cp37-cp37m-win_amd64.whl", hash = "sha256:7fe3ac700cc5ecba9dc9072c0e6cfd2f964ea9f273ce1111eaa27d13aa20ec32"},
    {file = "grpcio-1.45.0-cp38-cp38-linux_armv7l.whl", hash = "sha256:259c126821fefcda298c020a0d83c4a4edac3cf10b1af12a62d250f8192ea1d1"},
    {file = "grpcio-1.45.0-cp38-cp38-macosx_10_10_x86_64.whl", hash = "sha256:5d05cd1b2b0975bb000ba97ca465565158dc211616c9bbbef5d1b77871974687"},
    {file = "grpcio-1.45.0-cp38-cp38-manylinux_2_12_i686.manylinux2010_i686.whl", hash = "sha256:6f2e044a715507fd13c70c928cd90daf8d0295c936a81fd9065a24e58ba7cc7d"},
    {file = "grpcio-1.45.0-cp38-cp38-manylinux_2_12_x86_64.manylinux2010_x86_64.whl", hash = "sha256:4d37c526b86c46d229f6117df5dca2510de597ab73c5956bc379ca41f8a1db84"},
    {file = "grpcio-1.45.0-cp38-cp38-manylinux_2_17_aarch64.whl", hash = "sha256:6df338b8d2c328ba91a25e28786d10059dea3bc9115fa1ddad30ba5d459e714a"},
    {file = "grpcio-1.45.0-cp38-cp38-manylinux_2_17_i686.manylinux2014_i686.whl", hash = "sha256:042921a824e90bf2974dbef7d89937096181298294799fb53e5576d9958884c7"},
    {file = "grpcio-1.45.0-cp38-cp38-manylinux_2_17_x86_64.manylinux2014_x86_64.whl", hash = "sha256:fb23ed6ed84ae312df03e96c7a7cd3aa5f7e3a1ad7066fdb6cd47f1bd334196c"},
    {file = "grpcio-1.45.0-cp38-cp38-musllinux_1_1_i686.whl", hash = "sha256:79582ec821ef10162348170a6e912d93ea257c749320a162dfc3a132ef25ac1b"},
    {file = "grpcio-1.45.0-cp38-cp38-musllinux_1_1_x86_64.whl", hash = "sha256:d14d372ea5a51d5ab991aa6d499a26e5a1e3b3f3af93f41826ea610f8a276c9e"},
    {file = "grpcio-1.45.0-cp38-cp38-win32.whl", hash = "sha256:b54444cf4212935a7b98cd26a30ad3a036389e4fd2ff3e461b176af876c7e20b"},
    {file = "grpcio-1.45.0-cp38-cp38-win_amd64.whl", hash = "sha256:da395720d6e9599c754f862f3f75bc0e8ff29fa55259e082e442a9cc916ffbc3"},
    {file = "grpcio-1.45.0-cp39-cp39-linux_armv7l.whl", hash = "sha256:add03308fa2d434628aeaa445e0c75cdb9535f39128eb949b1483ae83fafade6"},
    {file = "grpcio-1.45.0-cp39-cp39-macosx_10_10_x86_64.whl", hash = "sha256:250d8f18332f3dbd4db00efa91d33d336e58362e9c80e6946d45ecf5e82d95ec"},
    {file = "grpcio-1.45.0-cp39-cp39-manylinux_2_12_i686.manylinux2010_i686.whl", hash = "sha256:dfca4dfd307b449d0a1e92bc7fbb5224ccf16db384aab412ba6766fc56bdffb6"},
    {file = "grpcio-1.45.0-cp39-cp39-manylinux_2_12_x86_64.manylinux2010_x86_64.whl", hash = "sha256:b7f2dc8831045eb0c892bb947e1cba2b1ed639e79a54abff7c4ad90bdd329f78"},
    {file = "grpcio-1.45.0-cp39-cp39-manylinux_2_17_aarch64.whl", hash = "sha256:2355493a9e71f15d9004b2ab87892cb532e9e98db6882fced2912115eb5631af"},
    {file = "grpcio-1.45.0-cp39-cp39-manylinux_2_17_i686.manylinux2014_i686.whl", hash = "sha256:2798e42d62a0296982276d0bab96fc7d6772cd148357154348355304d6216763"},
    {file = "grpcio-1.45.0-cp39-cp39-manylinux_2_17_x86_64.manylinux2014_x86_64.whl", hash = "sha256:0fe6acb1439127e0bee773f8a9a3ece290cb4cac4fe8d46b10bc8dda250a990c"},
    {file = "grpcio-1.45.0-cp39-cp39-musllinux_1_1_i686.whl", hash = "sha256:6774272a59b9ee16fb0d4f53e23716953a22bbb3efe12fdf9a4ee3eec2c4f81f"},
    {file = "grpcio-1.45.0-cp39-cp39-musllinux_1_1_x86_64.whl", hash = "sha256:52f61fcb17d92b87ba47d54b3c9deae09d4f0216a3ea277b7df4b6c1794e6556"},
    {file = "grpcio-1.45.0-cp39-cp39-win32.whl", hash = "sha256:3992c690228126e5652c7a1f61863c1ebfd71369cf2adb0fce86fee1d82d2d27"},
    {file = "grpcio-1.45.0-cp39-cp39-win_amd64.whl", hash = "sha256:220867a53e53b2e201e98c55061e3053e31c0ce613625087242be684d3e8612a"},
    {file = "grpcio-1.45.0.tar.gz", hash = "sha256:ff2c8b965b0fc25cf281961aa46619c10900543effe3f806ef818231c40aaff3"},
]
idna = [
    {file = "idna-3.3-py3-none-any.whl", hash = "sha256:84d9dd047ffa80596e0f246e2eab0b391788b0503584e8945f2368256d2735ff"},
    {file = "idna-3.3.tar.gz", hash = "sha256:9d643ff0a55b762d5cdb124b8eaa99c66322e2157b69160bc32796e824360e6d"},
]
joblib = [
    {file = "joblib-1.1.0-py2.py3-none-any.whl", hash = "sha256:f21f109b3c7ff9d95f8387f752d0d9c34a02aa2f7060c2135f465da0e5160ff6"},
    {file = "joblib-1.1.0.tar.gz", hash = "sha256:4158fcecd13733f8be669be0683b96ebdbbd38d23559f54dca7205aea1bf1e35"},
]
liac-arff = [
    {file = "liac-arff-2.5.0.tar.gz", hash = "sha256:3220d0af6487c5aa71b47579be7ad1d94f3849ff1e224af3bf05ad49a0b5c4da"},
]
minio = [
    {file = "minio-7.1.5-py3-none-any.whl", hash = "sha256:524b1305cc4d9df2fab727f7e8d9d5dae7ddf85b5565a574cb94944d1f7c6cae"},
    {file = "minio-7.1.5.tar.gz", hash = "sha256:f33bb3d2a1b790d6ffc7b981c3f38c4f404d61c46de3cbd087fbf9d36a5f05ea"},
]
numpy = [
    {file = "numpy-1.22.3-cp310-cp310-macosx_10_14_x86_64.whl", hash = "sha256:92bfa69cfbdf7dfc3040978ad09a48091143cffb778ec3b03fa170c494118d75"},
    {file = "numpy-1.22.3-cp310-cp310-macosx_11_0_arm64.whl", hash = "sha256:8251ed96f38b47b4295b1ae51631de7ffa8260b5b087808ef09a39a9d66c97ab"},
    {file = "numpy-1.22.3-cp310-cp310-manylinux_2_17_aarch64.manylinux2014_aarch64.whl", hash = "sha256:48a3aecd3b997bf452a2dedb11f4e79bc5bfd21a1d4cc760e703c31d57c84b3e"},
    {file = "numpy-1.22.3-cp310-cp310-manylinux_2_17_x86_64.manylinux2014_x86_64.whl", hash = "sha256:a3bae1a2ed00e90b3ba5f7bd0a7c7999b55d609e0c54ceb2b076a25e345fa9f4"},
    {file = "numpy-1.22.3-cp310-cp310-win32.whl", hash = "sha256:f950f8845b480cffe522913d35567e29dd381b0dc7e4ce6a4a9f9156417d2430"},
    {file = "numpy-1.22.3-cp310-cp310-win_amd64.whl", hash = "sha256:08d9b008d0156c70dc392bb3ab3abb6e7a711383c3247b410b39962263576cd4"},
    {file = "numpy-1.22.3-cp38-cp38-macosx_10_14_x86_64.whl", hash = "sha256:201b4d0552831f7250a08d3b38de0d989d6f6e4658b709a02a73c524ccc6ffce"},
    {file = "numpy-1.22.3-cp38-cp38-macosx_11_0_arm64.whl", hash = "sha256:f8c1f39caad2c896bc0018f699882b345b2a63708008be29b1f355ebf6f933fe"},
    {file = "numpy-1.22.3-cp38-cp38-manylinux_2_17_aarch64.manylinux2014_aarch64.whl", hash = "sha256:568dfd16224abddafb1cbcce2ff14f522abe037268514dd7e42c6776a1c3f8e5"},
    {file = "numpy-1.22.3-cp38-cp38-manylinux_2_17_x86_64.manylinux2014_x86_64.whl", hash = "sha256:3ca688e1b9b95d80250bca34b11a05e389b1420d00e87a0d12dc45f131f704a1"},
    {file = "numpy-1.22.3-cp38-cp38-win32.whl", hash = "sha256:e7927a589df200c5e23c57970bafbd0cd322459aa7b1ff73b7c2e84d6e3eae62"},
    {file = "numpy-1.22.3-cp38-cp38-win_amd64.whl", hash = "sha256:07a8c89a04997625236c5ecb7afe35a02af3896c8aa01890a849913a2309c676"},
    {file = "numpy-1.22.3-cp39-cp39-macosx_10_14_x86_64.whl", hash = "sha256:2c10a93606e0b4b95c9b04b77dc349b398fdfbda382d2a39ba5a822f669a0123"},
    {file = "numpy-1.22.3-cp39-cp39-macosx_11_0_arm64.whl", hash = "sha256:fade0d4f4d292b6f39951b6836d7a3c7ef5b2347f3c420cd9820a1d90d794802"},
    {file = "numpy-1.22.3-cp39-cp39-manylinux_2_17_aarch64.manylinux2014_aarch64.whl", hash = "sha256:5bfb1bb598e8229c2d5d48db1860bcf4311337864ea3efdbe1171fb0c5da515d"},
    {file = "numpy-1.22.3-cp39-cp39-manylinux_2_17_x86_64.manylinux2014_x86_64.whl", hash = "sha256:97098b95aa4e418529099c26558eeb8486e66bd1e53a6b606d684d0c3616b168"},
    {file = "numpy-1.22.3-cp39-cp39-win32.whl", hash = "sha256:fdf3c08bce27132395d3c3ba1503cac12e17282358cb4bddc25cc46b0aca07aa"},
    {file = "numpy-1.22.3-cp39-cp39-win_amd64.whl", hash = "sha256:639b54cdf6aa4f82fe37ebf70401bbb74b8508fddcf4797f9fe59615b8c5813a"},
    {file = "numpy-1.22.3-pp38-pypy38_pp73-manylinux_2_17_x86_64.manylinux2014_x86_64.whl", hash = "sha256:c34ea7e9d13a70bf2ab64a2532fe149a9aced424cd05a2c4ba662fd989e3e45f"},
    {file = "numpy-1.22.3.zip", hash = "sha256:dbc7601a3b7472d559dc7b933b18b4b66f9aa7452c120e87dfb33d02008c8a18"},
]
openml = [
    {file = "openml-0.12.2.tar.gz", hash = "sha256:cefb4792ca12ee87ab3acc5e5afb4e9d205c398621e2424f2f5de1564cfee849"},
]
pandas = [
    {file = "pandas-1.4.2-cp310-cp310-macosx_10_9_universal2.whl", hash = "sha256:be67c782c4f1b1f24c2f16a157e12c2693fd510f8df18e3287c77f33d124ed07"},
    {file = "pandas-1.4.2-cp310-cp310-macosx_10_9_x86_64.whl", hash = "sha256:5a206afa84ed20e07603f50d22b5f0db3fb556486d8c2462d8bc364831a4b417"},
    {file = "pandas-1.4.2-cp310-cp310-macosx_11_0_arm64.whl", hash = "sha256:0010771bd9223f7afe5f051eb47c4a49534345dfa144f2f5470b27189a4dd3b5"},
    {file = "pandas-1.4.2-cp310-cp310-manylinux_2_17_aarch64.manylinux2014_aarch64.whl", hash = "sha256:3228198333dd13c90b6434ddf61aa6d57deaca98cf7b654f4ad68a2db84f8cfe"},
    {file = "pandas-1.4.2-cp310-cp310-manylinux_2_17_x86_64.manylinux2014_x86_64.whl", hash = "sha256:5b79af3a69e5175c6fa7b4e046b21a646c8b74e92c6581a9d825687d92071b51"},
    {file = "pandas-1.4.2-cp310-cp310-win_amd64.whl", hash = "sha256:5586cc95692564b441f4747c47c8a9746792e87b40a4680a2feb7794defb1ce3"},
    {file = "pandas-1.4.2-cp38-cp38-macosx_10_9_universal2.whl", hash = "sha256:061609334a8182ab500a90fe66d46f6f387de62d3a9cb9aa7e62e3146c712167"},
    {file = "pandas-1.4.2-cp38-cp38-macosx_10_9_x86_64.whl", hash = "sha256:b8134651258bce418cb79c71adeff0a44090c98d955f6953168ba16cc285d9f7"},
    {file = "pandas-1.4.2-cp38-cp38-macosx_11_0_arm64.whl", hash = "sha256:df82739e00bb6daf4bba4479a40f38c718b598a84654cbd8bb498fd6b0aa8c16"},
    {file = "pandas-1.4.2-cp38-cp38-manylinux_2_17_aarch64.manylinux2014_aarch64.whl", hash = "sha256:385c52e85aaa8ea6a4c600a9b2821181a51f8be0aee3af6f2dcb41dafc4fc1d0"},
    {file = "pandas-1.4.2-cp38-cp38-manylinux_2_17_x86_64.manylinux2014_x86_64.whl", hash = "sha256:295872bf1a09758aba199992c3ecde455f01caf32266d50abc1a073e828a7b9d"},
    {file = "pandas-1.4.2-cp38-cp38-win32.whl", hash = "sha256:95c1e422ced0199cf4a34385ff124b69412c4bc912011ce895582bee620dfcaa"},
    {file = "pandas-1.4.2-cp38-cp38-win_amd64.whl", hash = "sha256:5c54ea4ef3823108cd4ec7fb27ccba4c3a775e0f83e39c5e17f5094cb17748bc"},
    {file = "pandas-1.4.2-cp39-cp39-macosx_10_9_universal2.whl", hash = "sha256:c072c7f06b9242c855ed8021ff970c0e8f8b10b35e2640c657d2a541c5950f59"},
    {file = "pandas-1.4.2-cp39-cp39-macosx_10_9_x86_64.whl", hash = "sha256:f549097993744ff8c41b5e8f2f0d3cbfaabe89b4ae32c8c08ead6cc535b80139"},
    {file = "pandas-1.4.2-cp39-cp39-macosx_11_0_arm64.whl", hash = "sha256:ff08a14ef21d94cdf18eef7c569d66f2e24e0bc89350bcd7d243dd804e3b5eb2"},
    {file = "pandas-1.4.2-cp39-cp39-manylinux_2_17_aarch64.manylinux2014_aarch64.whl", hash = "sha256:8c5bf555b6b0075294b73965adaafb39cf71c312e38c5935c93d78f41c19828a"},
    {file = "pandas-1.4.2-cp39-cp39-manylinux_2_17_x86_64.manylinux2014_x86_64.whl", hash = "sha256:51649ef604a945f781105a6d2ecf88db7da0f4868ac5d45c51cb66081c4d9c73"},
    {file = "pandas-1.4.2-cp39-cp39-win32.whl", hash = "sha256:d0d4f13e4be7ce89d7057a786023c461dd9370040bdb5efa0a7fe76b556867a0"},
    {file = "pandas-1.4.2-cp39-cp39-win_amd64.whl", hash = "sha256:09d8be7dd9e1c4c98224c4dfe8abd60d145d934e9fc1f5f411266308ae683e6a"},
    {file = "pandas-1.4.2.tar.gz", hash = "sha256:92bc1fc585f1463ca827b45535957815b7deb218c549b7c18402c322c7549a12"},
]
protobuf = [
    {file = "protobuf-3.20.0-cp310-cp310-macosx_10_9_universal2.whl", hash = "sha256:9d0f3aca8ca51c8b5e204ab92bd8afdb2a8e3df46bd0ce0bd39065d79aabcaa4"},
    {file = "protobuf-3.20.0-cp310-cp310-manylinux2014_aarch64.whl", hash = "sha256:001c2160c03b6349c04de39cf1a58e342750da3632f6978a1634a3dcca1ec10e"},
    {file = "protobuf-3.20.0-cp310-cp310-manylinux_2_12_x86_64.manylinux2010_x86_64.whl", hash = "sha256:5b5860b790498f233cdc8d635a17fc08de62e59d4dcd8cdb6c6c0d38a31edf2b"},
    {file = "protobuf-3.20.0-cp310-cp310-win32.whl", hash = "sha256:0b250c60256c8824219352dc2a228a6b49987e5bf94d3ffcf4c46585efcbd499"},
    {file = "protobuf-3.20.0-cp310-cp310-win_amd64.whl", hash = "sha256:a1eebb6eb0653e594cb86cd8e536b9b083373fca9aba761ade6cd412d46fb2ab"},
    {file = "protobuf-3.20.0-cp36-cp36m-macosx_10_9_x86_64.whl", hash = "sha256:bc14037281db66aa60856cd4ce4541a942040686d290e3f3224dd3978f88f554"},
    {file = "protobuf-3.20.0-cp36-cp36m-manylinux_2_5_x86_64.manylinux1_x86_64.whl", hash = "sha256:47257d932de14a7b6c4ae1b7dbf592388153ee35ec7cae216b87ae6490ed39a3"},
    {file = "protobuf-3.20.0-cp37-cp37m-macosx_10_9_x86_64.whl", hash = "sha256:fbcbb068ebe67c4ff6483d2e2aa87079c325f8470b24b098d6bf7d4d21d57a69"},
    {file = "protobuf-3.20.0-cp37-cp37m-manylinux2014_aarch64.whl", hash = "sha256:542f25a4adf3691a306dcc00bf9a73176554938ec9b98f20f929a044f80acf1b"},
    {file = "protobuf-3.20.0-cp37-cp37m-manylinux_2_5_x86_64.manylinux1_x86_64.whl", hash = "sha256:fd7133b885e356fa4920ead8289bb45dc6f185a164e99e10279f33732ed5ce15"},
    {file = "protobuf-3.20.0-cp37-cp37m-win32.whl", hash = "sha256:8d84453422312f8275455d1cb52d850d6a4d7d714b784e41b573c6f5bfc2a029"},
    {file = "protobuf-3.20.0-cp37-cp37m-win_amd64.whl", hash = "sha256:52bae32a147c375522ce09bd6af4d2949aca32a0415bc62df1456b3ad17c6001"},
    {file = "protobuf-3.20.0-cp38-cp38-macosx_10_9_x86_64.whl", hash = "sha256:25d2fcd6eef340082718ec9ad2c58d734429f2b1f7335d989523852f2bba220b"},
    {file = "protobuf-3.20.0-cp38-cp38-manylinux2014_aarch64.whl", hash = "sha256:88c8be0558bdfc35e68c42ae5bf785eb9390d25915d4863bbc7583d23da77074"},
    {file = "protobuf-3.20.0-cp38-cp38-manylinux_2_5_x86_64.manylinux1_x86_64.whl", hash = "sha256:38fd9eb74b852e4ee14b16e9670cd401d147ee3f3ec0d4f7652e0c921d6227f8"},
    {file = "protobuf-3.20.0-cp38-cp38-win32.whl", hash = "sha256:7dcd84dc31ebb35ade755e06d1561d1bd3b85e85dbdbf6278011fc97b22810db"},
    {file = "protobuf-3.20.0-cp38-cp38-win_amd64.whl", hash = "sha256:1eb13f5a5a59ca4973bcfa2fc8fff644bd39f2109c3f7a60bd5860cb6a49b679"},
    {file = "protobuf-3.20.0-cp39-cp39-macosx_10_9_x86_64.whl", hash = "sha256:1d24c81c2310f0063b8fc1c20c8ed01f3331be9374b4b5c2de846f69e11e21fb"},
    {file = "protobuf-3.20.0-cp39-cp39-manylinux2014_aarch64.whl", hash = "sha256:8be43a91ab66fe995e85ccdbdd1046d9f0443d59e060c0840319290de25b7d33"},
    {file = "protobuf-3.20.0-cp39-cp39-manylinux_2_5_x86_64.manylinux1_x86_64.whl", hash = "sha256:7a53d4035427b9dbfbb397f46642754d294f131e93c661d056366f2a31438263"},
    {file = "protobuf-3.20.0-cp39-cp39-win32.whl", hash = "sha256:32bf4a90c207a0b4e70ca6dd09d43de3cb9898f7d5b69c2e9e3b966a7f342820"},
    {file = "protobuf-3.20.0-cp39-cp39-win_amd64.whl", hash = "sha256:6efe066a7135233f97ce51a1aa007d4fb0be28ef093b4f88dac4ad1b3a2b7b6f"},
    {file = "protobuf-3.20.0-py2.py3-none-any.whl", hash = "sha256:4eda68bd9e2a4879385e6b1ea528c976f59cd9728382005cc54c28bcce8db983"},
    {file = "protobuf-3.20.0.tar.gz", hash = "sha256:71b2c3d1cd26ed1ec7c8196834143258b2ad7f444efff26fdc366c6f5e752702"},
]
pyarrow = [
    {file = "pyarrow-7.0.0-cp310-cp310-macosx_10_13_universal2.whl", hash = "sha256:0f15213f380539c9640cb2413dc677b55e70f04c9e98cfc2e1d8b36c770e1036"},
    {file = "pyarrow-7.0.0-cp310-cp310-macosx_10_13_x86_64.whl", hash = "sha256:29c4e3b3be0b94d07ff4921a5e410fc690a3a066a850a302fc504de5fc638495"},
    {file = "pyarrow-7.0.0-cp310-cp310-macosx_10_9_x86_64.whl", hash = "sha256:8a9bfc8a016bcb8f9a8536d2fa14a890b340bc7a236275cd60fd4fb8b93ff405"},
    {file = "pyarrow-7.0.0-cp310-cp310-macosx_11_0_arm64.whl", hash = "sha256:49d431ed644a3e8f53ae2bbf4b514743570b495b5829548db51610534b6eeee7"},
    {file = "pyarrow-7.0.0-cp310-cp310-manylinux_2_12_x86_64.manylinux2010_x86_64.whl", hash = "sha256:aa6442a321c1e49480b3d436f7d631c895048a16df572cf71c23c6b53c45ed66"},
    {file = "pyarrow-7.0.0-cp310-cp310-manylinux_2_17_aarch64.manylinux2014_aarch64.whl", hash = "sha256:f6b01a23cb401750092c6f7c4dcae67cd8fd6b99ae710e26f654f23508f25f25"},
    {file = "pyarrow-7.0.0-cp310-cp310-manylinux_2_17_x86_64.manylinux2014_x86_64.whl", hash = "sha256:0f10928745c6ff66e121552731409803bed86c66ac79c64c90438b053b5242c5"},
    {file = "pyarrow-7.0.0-cp310-cp310-win_amd64.whl", hash = "sha256:759090caa1474cafb5e68c93a9bd6cb45d8bb8e4f2cad2f1a0cc9439bae8ae88"},
    {file = "pyarrow-7.0.0-cp37-cp37m-macosx_10_13_x86_64.whl", hash = "sha256:e3fe34bcfc28d9c4a747adc3926d2307a04c5c50b89155946739515ccfe5eab0"},
    {file = "pyarrow-7.0.0-cp37-cp37m-macosx_10_9_x86_64.whl", hash = "sha256:040dce5345603e4e621bcf4f3b21f18d557852e7b15307e559bb14c8951c8714"},
    {file = "pyarrow-7.0.0-cp37-cp37m-manylinux_2_12_x86_64.manylinux2010_x86_64.whl", hash = "sha256:ed4b647c3345ae3463d341a9d28d0260cd302fb92ecf4e2e3e0f1656d6e0e55c"},
    {file = "pyarrow-7.0.0-cp37-cp37m-manylinux_2_17_aarch64.manylinux2014_aarch64.whl", hash = "sha256:e7fecd5d5604f47e003f50887a42aee06cb8b7bf8e8bf7dc543a22331d9ba832"},
    {file = "pyarrow-7.0.0-cp37-cp37m-manylinux_2_17_x86_64.manylinux2014_x86_64.whl", hash = "sha256:1f2d00b892fe865e43346acb78761ba268f8bb1cbdba588816590abcb780ee3d"},
    {file = "pyarrow-7.0.0-cp37-cp37m-win_amd64.whl", hash = "sha256:f439f7d77201681fd31391d189aa6b1322d27c9311a8f2fce7d23972471b02b6"},
    {file = "pyarrow-7.0.0-cp38-cp38-macosx_10_13_x86_64.whl", hash = "sha256:3e06b0e29ce1e32f219c670c6b31c33d25a5b8e29c7828f873373aab78bf30a5"},
    {file = "pyarrow-7.0.0-cp38-cp38-macosx_10_9_x86_64.whl", hash = "sha256:13dc05bcf79dbc1bd2de1b05d26eb64824b85883d019d81ca3c2eca9b68b5a44"},
    {file = "pyarrow-7.0.0-cp38-cp38-macosx_11_0_arm64.whl", hash = "sha256:06183a7ff2b0c030ec0413fc4dc98abad8cf336c78c280a0b7f4bcbebb78d125"},
    {file = "pyarrow-7.0.0-cp38-cp38-manylinux_2_12_x86_64.manylinux2010_x86_64.whl", hash = "sha256:702c5a9f960b56d03569eaaca2c1a05e8728f05ea1a2138ef64234aa53cd5884"},
    {file = "pyarrow-7.0.0-cp38-cp38-manylinux_2_17_aarch64.manylinux2014_aarch64.whl", hash = "sha256:c7313038203df77ec4092d6363dbc0945071caa72635f365f2b1ae0dd7469865"},
    {file = "pyarrow-7.0.0-cp38-cp38-manylinux_2_17_x86_64.manylinux2014_x86_64.whl", hash = "sha256:e87d1f7dc7a0b2ecaeb0c7a883a85710f5b5626d4134454f905571c04bc73d5a"},
    {file = "pyarrow-7.0.0-cp38-cp38-win_amd64.whl", hash = "sha256:ba69488ae25c7fde1a2ae9ea29daf04d676de8960ffd6f82e1e13ca945bb5861"},
    {file = "pyarrow-7.0.0-cp39-cp39-macosx_10_13_universal2.whl", hash = "sha256:11a591f11d2697c751261c9d57e6e5b0d38fdc7f0cc57f4fd6edc657da7737df"},
    {file = "pyarrow-7.0.0-cp39-cp39-macosx_10_13_x86_64.whl", hash = "sha256:6183c700877852dc0f8a76d4c0c2ffd803ba459e2b4a452e355c2d58d48cf39f"},
    {file = "pyarrow-7.0.0-cp39-cp39-macosx_10_9_x86_64.whl", hash = "sha256:d1748154714b543e6ae8452a68d4af85caf5298296a7e5d4d00f1b3021838ac6"},
    {file = "pyarrow-7.0.0-cp39-cp39-macosx_11_0_arm64.whl", hash = "sha256:fcc8f934c7847a88f13ec35feecffb61fe63bb7a3078bd98dd353762e969ce60"},
    {file = "pyarrow-7.0.0-cp39-cp39-manylinux_2_12_x86_64.manylinux2010_x86_64.whl", hash = "sha256:759f59ac77b84878dbd54d06cf6df74ff781b8e7cf9313eeffbb5ec97b94385c"},
    {file = "pyarrow-7.0.0-cp39-cp39-manylinux_2_17_aarch64.manylinux2014_aarch64.whl", hash = "sha256:3d3e3f93ac2993df9c5e1922eab7bdea047b9da918a74e52145399bc1f0099a3"},
    {file = "pyarrow-7.0.0-cp39-cp39-manylinux_2_17_x86_64.manylinux2014_x86_64.whl", hash = "sha256:306120af554e7e137895254a3b4741fad682875a5f6403509cd276de3fe5b844"},
    {file = "pyarrow-7.0.0-cp39-cp39-win_amd64.whl", hash = "sha256:087769dac6e567d58d59b94c4f866b3356c00d3db5b261387ece47e7324c2150"},
    {file = "pyarrow-7.0.0.tar.gz", hash = "sha256:da656cad3c23a2ebb6a307ab01d35fce22f7850059cffafcb90d12590f8f4f38"},
]
python-dateutil = [
    {file = "python-dateutil-2.8.2.tar.gz", hash = "sha256:0123cacc1627ae19ddf3c27a5de5bd67ee4586fbdd6440d9748f8abb483d3e86"},
    {file = "python_dateutil-2.8.2-py2.py3-none-any.whl", hash = "sha256:961d03dc3453ebbc59dbdea9e4e11c5651520a876d0f4db161e8674aae935da9"},
]
pytz = [
    {file = "pytz-2022.1-py2.py3-none-any.whl", hash = "sha256:e68985985296d9a66a881eb3193b0906246245294a881e7c8afe623866ac6a5c"},
    {file = "pytz-2022.1.tar.gz", hash = "sha256:1e760e2fe6a8163bc0b3d9a19c4f84342afa0a2affebfaa84b01b978a02ecaa7"},
]
requests = [
    {file = "requests-2.27.1-py2.py3-none-any.whl", hash = "sha256:f22fa1e554c9ddfd16e6e41ac79759e17be9e492b3587efa038054674760e72d"},
    {file = "requests-2.27.1.tar.gz", hash = "sha256:68d7c56fd5a8999887728ef304a6d12edc7be74f1cfa47714fc8b414525c9a61"},
]
scikit-learn = [
    {file = "scikit-learn-0.24.2.tar.gz", hash = "sha256:d14701a12417930392cd3898e9646cf5670c190b933625ebe7511b1f7d7b8736"},
    {file = "scikit_learn-0.24.2-cp36-cp36m-macosx_10_13_x86_64.whl", hash = "sha256:d5bf9c863ba4717b3917b5227463ee06860fc43931dc9026747de416c0a10fee"},
    {file = "scikit_learn-0.24.2-cp36-cp36m-manylinux1_i686.whl", hash = "sha256:5beaeb091071625e83f5905192d8aecde65ba2f26f8b6719845bbf586f7a04a1"},
    {file = "scikit_learn-0.24.2-cp36-cp36m-manylinux1_x86_64.whl", hash = "sha256:06ffdcaaf81e2a3b1b50c3ac6842cfb13df2d8b737d61f64643ed61da7389cde"},
    {file = "scikit_learn-0.24.2-cp36-cp36m-manylinux2010_i686.whl", hash = "sha256:fec42690a2eb646b384eafb021c425fab48991587edb412d4db77acc358b27ce"},
    {file = "scikit_learn-0.24.2-cp36-cp36m-manylinux2010_x86_64.whl", hash = "sha256:5ff3e4e4cf7592d36541edec434e09fb8ab9ba6b47608c4ffe30c9038d301897"},
    {file = "scikit_learn-0.24.2-cp36-cp36m-manylinux2014_aarch64.whl", hash = "sha256:3cbd734e1aefc7c5080e6b6973fe062f97c26a1cdf1a991037ca196ce1c8f427"},
    {file = "scikit_learn-0.24.2-cp36-cp36m-win32.whl", hash = "sha256:f74429a07fedb36a03c159332b914e6de757176064f9fed94b5f79ebac07d913"},
    {file = "scikit_learn-0.24.2-cp36-cp36m-win_amd64.whl", hash = "sha256:dd968a174aa82f3341a615a033fa6a8169e9320cbb46130686562db132d7f1f0"},
    {file = "scikit_learn-0.24.2-cp37-cp37m-macosx_10_13_x86_64.whl", hash = "sha256:49ec0b1361da328da9bb7f1a162836028e72556356adeb53342f8fae6b450d47"},
    {file = "scikit_learn-0.24.2-cp37-cp37m-manylinux1_i686.whl", hash = "sha256:f18c3ed484eeeaa43a0d45dc2efb4d00fc6542ccdcfa2c45d7b635096a2ae534"},
    {file = "scikit_learn-0.24.2-cp37-cp37m-manylinux1_x86_64.whl", hash = "sha256:cdf24c1b9bbeb4936456b42ac5bd32c60bb194a344951acb6bfb0cddee5439a4"},
    {file = "scikit_learn-0.24.2-cp37-cp37m-manylinux2010_i686.whl", hash = "sha256:d177fe1ff47cc235942d628d41ee5b1c6930d8f009f1a451c39b5411e8d0d4cf"},
    {file = "scikit_learn-0.24.2-cp37-cp37m-manylinux2010_x86_64.whl", hash = "sha256:f3ec00f023d84526381ad0c0f2cff982852d035c921bbf8ceb994f4886c00c64"},
    {file = "scikit_learn-0.24.2-cp37-cp37m-manylinux2014_aarch64.whl", hash = "sha256:ae19ac105cf7ce8c205a46166992fdec88081d6e783ab6e38ecfbe45729f3c39"},
    {file = "scikit_learn-0.24.2-cp37-cp37m-win32.whl", hash = "sha256:f0ed4483c258fb23150e31b91ea7d25ff8495dba108aea0b0d4206a777705350"},
    {file = "scikit_learn-0.24.2-cp37-cp37m-win_amd64.whl", hash = "sha256:39b7e3b71bcb1fe46397185d6c1a5db1c441e71c23c91a31e7ad8cc3f7305f9a"},
    {file = "scikit_learn-0.24.2-cp38-cp38-macosx_10_13_x86_64.whl", hash = "sha256:90a297330f608adeb4d2e9786c6fda395d3150739deb3d42a86d9a4c2d15bc1d"},
    {file = "scikit_learn-0.24.2-cp38-cp38-manylinux1_i686.whl", hash = "sha256:f1d2108e770907540b5248977e4cff9ffaf0f73d0d13445ee938df06ca7579c6"},
    {file = "scikit_learn-0.24.2-cp38-cp38-manylinux1_x86_64.whl", hash = "sha256:1eec963fe9ffc827442c2e9333227c4d49749a44e592f305398c1db5c1563393"},
    {file = "scikit_learn-0.24.2-cp38-cp38-manylinux2010_i686.whl", hash = "sha256:2db429090b98045d71218a9ba913cc9b3fe78e0ba0b6b647d8748bc6d5a44080"},
    {file = "scikit_learn-0.24.2-cp38-cp38-manylinux2010_x86_64.whl", hash = "sha256:62214d2954377fcf3f31ec867dd4e436df80121e7a32947a0b3244f58f45e455"},
    {file = "scikit_learn-0.24.2-cp38-cp38-manylinux2014_aarch64.whl", hash = "sha256:8fac72b9688176922f9f54fda1ba5f7ffd28cbeb9aad282760186e8ceba9139a"},
    {file = "scikit_learn-0.24.2-cp38-cp38-win32.whl", hash = "sha256:ae426e3a52842c6b6d77d00f906b6031c8c2cfdfabd6af7511bb4bc9a68d720e"},
    {file = "scikit_learn-0.24.2-cp38-cp38-win_amd64.whl", hash = "sha256:038f4e9d6ef10e1f3fe82addc3a14735c299866eb10f2c77c090410904828312"},
    {file = "scikit_learn-0.24.2-cp39-cp39-macosx_10_13_x86_64.whl", hash = "sha256:48f273836e19901ba2beecd919f7b352f09310ce67c762f6e53bc6b81cacf1f0"},
    {file = "scikit_learn-0.24.2-cp39-cp39-manylinux1_i686.whl", hash = "sha256:a2a47449093dcf70babc930beba2ca0423cb7df2fa5fd76be5260703d67fa574"},
    {file = "scikit_learn-0.24.2-cp39-cp39-manylinux1_x86_64.whl", hash = "sha256:0e71ce9c7cbc20f6f8b860107ce15114da26e8675238b4b82b7e7cd37ca0c087"},
    {file = "scikit_learn-0.24.2-cp39-cp39-manylinux2010_i686.whl", hash = "sha256:2754c85b2287333f9719db7f23fb7e357f436deed512db3417a02bf6f2830aa5"},
    {file = "scikit_learn-0.24.2-cp39-cp39-manylinux2010_x86_64.whl", hash = "sha256:7be1b88c23cfac46e06404582215a917017cd2edaa2e4d40abe6aaff5458f24b"},
    {file = "scikit_learn-0.24.2-cp39-cp39-manylinux2014_aarch64.whl", hash = "sha256:4e6198675a6f9d333774671bd536668680eea78e2e81c0b19e57224f58d17f37"},
    {file = "scikit_learn-0.24.2-cp39-cp39-win32.whl", hash = "sha256:cbdb0b3db99dd1d5f69d31b4234367d55475add31df4d84a3bd690ef017b55e2"},
    {file = "scikit_learn-0.24.2-cp39-cp39-win_amd64.whl", hash = "sha256:40556bea1ef26ef54bc678d00cf138a63069144a0b5f3a436eecd8f3468b903e"},
]
scipy = [
    {file = "scipy-1.6.1-cp37-cp37m-macosx_10_9_x86_64.whl", hash = "sha256:a15a1f3fc0abff33e792d6049161b7795909b40b97c6cc2934ed54384017ab76"},
    {file = "scipy-1.6.1-cp37-cp37m-manylinux1_i686.whl", hash = "sha256:e79570979ccdc3d165456dd62041d9556fb9733b86b4b6d818af7a0afc15f092"},
    {file = "scipy-1.6.1-cp37-cp37m-manylinux1_x86_64.whl", hash = "sha256:a423533c55fec61456dedee7b6ee7dce0bb6bfa395424ea374d25afa262be261"},
    {file = "scipy-1.6.1-cp37-cp37m-manylinux2014_aarch64.whl", hash = "sha256:33d6b7df40d197bdd3049d64e8e680227151673465e5d85723b3b8f6b15a6ced"},
    {file = "scipy-1.6.1-cp37-cp37m-win32.whl", hash = "sha256:6725e3fbb47da428794f243864f2297462e9ee448297c93ed1dcbc44335feb78"},
    {file = "scipy-1.6.1-cp37-cp37m-win_amd64.whl", hash = "sha256:5fa9c6530b1661f1370bcd332a1e62ca7881785cc0f80c0d559b636567fab63c"},
    {file = "scipy-1.6.1-cp38-cp38-macosx_10_9_x86_64.whl", hash = "sha256:bd50daf727f7c195e26f27467c85ce653d41df4358a25b32434a50d8870fc519"},
    {file = "scipy-1.6.1-cp38-cp38-manylinux1_i686.whl", hash = "sha256:f46dd15335e8a320b0fb4685f58b7471702234cba8bb3442b69a3e1dc329c345"},
    {file = "scipy-1.6.1-cp38-cp38-manylinux1_x86_64.whl", hash = "sha256:0e5b0ccf63155d90da576edd2768b66fb276446c371b73841e3503be1d63fb5d"},
    {file = "scipy-1.6.1-cp38-cp38-manylinux2014_aarch64.whl", hash = "sha256:2481efbb3740977e3c831edfd0bd9867be26387cacf24eb5e366a6a374d3d00d"},
    {file = "scipy-1.6.1-cp38-cp38-win32.whl", hash = "sha256:68cb4c424112cd4be886b4d979c5497fba190714085f46b8ae67a5e4416c32b4"},
    {file = "scipy-1.6.1-cp38-cp38-win_amd64.whl", hash = "sha256:5f331eeed0297232d2e6eea51b54e8278ed8bb10b099f69c44e2558c090d06bf"},
    {file = "scipy-1.6.1-cp39-cp39-macosx_10_9_x86_64.whl", hash = "sha256:0c8a51d33556bf70367452d4d601d1742c0e806cd0194785914daf19775f0e67"},
    {file = "scipy-1.6.1-cp39-cp39-manylinux1_i686.whl", hash = "sha256:83bf7c16245c15bc58ee76c5418e46ea1811edcc2e2b03041b804e46084ab627"},
    {file = "scipy-1.6.1-cp39-cp39-manylinux1_x86_64.whl", hash = "sha256:794e768cc5f779736593046c9714e0f3a5940bc6dcc1dba885ad64cbfb28e9f0"},
    {file = "scipy-1.6.1-cp39-cp39-manylinux2014_aarch64.whl", hash = "sha256:5da5471aed911fe7e52b86bf9ea32fb55ae93e2f0fac66c32e58897cfb02fa07"},
    {file = "scipy-1.6.1-cp39-cp39-win32.whl", hash = "sha256:8e403a337749ed40af60e537cc4d4c03febddcc56cd26e774c9b1b600a70d3e4"},
    {file = "scipy-1.6.1-cp39-cp39-win_amd64.whl", hash = "sha256:a5193a098ae9f29af283dcf0041f762601faf2e595c0db1da929875b7570353f"},
    {file = "scipy-1.6.1.tar.gz", hash = "sha256:c4fceb864890b6168e79b0e714c585dbe2fd4222768ee90bc1aa0f8218691b11"},
]
six = [
    {file = "six-1.16.0-py2.py3-none-any.whl", hash = "sha256:8abb2f1d86890a2dfb989f9a77cfcfd3e47c2a354b01111771326f8aa26e0254"},
    {file = "six-1.16.0.tar.gz", hash = "sha256:1e61c37477a1626458e36f7b1d82aa5c9b094fa4802892072e49de9c60c4c926"},
]
soupsieve = [
    {file = "soupsieve-2.3.1-py3-none-any.whl", hash = "sha256:1a3cca2617c6b38c0343ed661b1fa5de5637f257d4fe22bd9f1338010a1efefb"},
    {file = "soupsieve-2.3.1.tar.gz", hash = "sha256:b8d49b1cd4f037c7082a9683dfa1801aa2597fb11c3a1155b7a5b94829b4f1f9"},
]
threadpoolctl = [
    {file = "threadpoolctl-3.1.0-py3-none-any.whl", hash = "sha256:8b99adda265feb6773280df41eece7b2e6561b772d21ffd52e372f999024907b"},
    {file = "threadpoolctl-3.1.0.tar.gz", hash = "sha256:a335baacfaa4400ae1f0d8e3a58d6674d2f8828e3716bb2802c44955ad391380"},
]
urllib3 = [
    {file = "urllib3-1.26.9-py2.py3-none-any.whl", hash = "sha256:44ece4d53fb1706f667c9bd1c648f5469a2ec925fcf3a776667042d645472c14"},
    {file = "urllib3-1.26.9.tar.gz", hash = "sha256:aabaf16477806a5e1dd19aa41f8c2b7950dd3c746362d7e3223dbe6de6ac448e"},
]
xmltodict = [
    {file = "xmltodict-0.12.0-py2.py3-none-any.whl", hash = "sha256:8bbcb45cc982f48b2ca8fe7e7827c5d792f217ecf1792626f808bf41c3b86051"},
    {file = "xmltodict-0.12.0.tar.gz", hash = "sha256:50d8c638ed7ecb88d90561beedbf720c9b4e851a9fa6c47ebd64e99d166d8a21"},
]
